
Microsoft Visual Studio Solution File, Format Version 12.00
# Visual Studio Version 17
VisualStudioVersion = 17.8.34511.84
MinimumVisualStudioVersion = 10.0.40219.1
Project("{FAE04EC0-301F-11D3-BF4B-00C04F79EFBC}") = "TestMVC", "TestMVC\TestMVC.csproj", "{493954D5-9B18-48E3-BECC-03BA9D0E63B8}"
EndProject
Global
	GlobalSection(SolutionConfigurationPlatforms) = preSolution
		Debug|Any CPU = Debug|Any CPU
		Release|Any CPU = Release|Any CPU
	EndGlobalSection
	GlobalSection(ProjectConfigurationPlatforms) = postSolution
		{493954D5-9B18-48E3-BECC-03BA9D0E63B8}.Debug|Any CPU.ActiveCfg = Debug|Any CPU
		{493954D5-9B18-48E3-BECC-03BA9D0E63B8}.Debug|Any CPU.Build.0 = Debug|Any CPU
		{493954D5-9B18-48E3-BECC-03BA9D0E63B8}.Release|Any CPU.ActiveCfg = Release|Any CPU
		{493954D5-9B18-48E3-BECC-03BA9D0E63B8}.Release|Any CPU.Build.0 = Release|Any CPU
	EndGlobalSection
	GlobalSection(SolutionProperties) = preSolution
		HideSolutionNode = FALSE
	EndGlobalSection
	GlobalSection(ExtensibilityGlobals) = postSolution
		SolutionGuid = {14A00AD0-034F-4134-B8B1-62E90295A293}
	EndGlobalSection
EndGlobal
